
Microsoft Visual Studio Solution File, Format Version 12.00
# Visual Studio Version 17
VisualStudioVersion = 17.13.35806.99
MinimumVisualStudioVersion = 10.0.40219.1
Project("{FAE04EC0-301F-11D3-BF4B-00C04F79EFBC}") = "FrontBlazorFluentUI", "FrontBlazorFluentUI\FrontBlazorFluentUI.csproj", "{4E6A3DFB-250A-41AA-A126-0BCBA4B83F4D}"
EndProject
Project("{2150E333-8FDC-42A3-9474-1A3956D46DE8}") = "Core", "Core", "{02EA681E-C7D8-13C7-8484-4AC65E1B71E8}"
EndProject
Project("{2150E333-8FDC-42A3-9474-1A3956D46DE8}") = "Basis", "Basis", "{D9BAFAF2-D949-4052-977F-5DD9BD0DA6C5}"
EndProject
Project("{FAE04EC0-301F-11D3-BF4B-00C04F79EFBC}") = "Common", "Basis\Common\Common.csproj", "{8655B212-ABDC-27EC-5DEA-142309B6D82E}"
EndProject
Project("{FAE04EC0-301F-11D3-BF4B-00C04F79EFBC}") = "Shared", "Basis\Shared\Shared.csproj", "{2A32FA62-A647-B38D-DFE0-73937A88CE98}"
EndProject
Project("{FAE04EC0-301F-11D3-BF4B-00C04F79EFBC}") = "Shared.TypicalAuth", "Basis\Shared.TypicalAuth\Shared.TypicalAuth.csproj", "{0A96CE01-F12E-B634-796E-556C8E776279}"
EndProject
Project("{FAE04EC0-301F-11D3-BF4B-00C04F79EFBC}") = "BusinessLogic", "Core\BusinessLogic\BusinessLogic.csproj", "{DADCEA42-2531-5027-5011-E54CE172786E}"
EndProject
Project("{FAE04EC0-301F-11D3-BF4B-00C04F79EFBC}") = "Infrastructure", "Core\Infrastructure\Infrastructure.csproj", "{59D7089C-2476-4932-9FB4-752523A98F83}"
EndProject
Project("{2150E333-8FDC-42A3-9474-1A3956D46DE8}") = "Solution Items", "Solution Items", "{8EC462FD-D22E-90A8-E5CE-7E832BA40C5D}"
	ProjectSection(SolutionItems) = preProject
		Directory.Build.props = Directory.Build.props
		README.md = README.md
	EndProjectSection
EndProject
Global
	GlobalSection(SolutionConfigurationPlatforms) = preSolution
		Debug|Any CPU = Debug|Any CPU
		Release|Any CPU = Release|Any CPU
	EndGlobalSection
	GlobalSection(ProjectConfigurationPlatforms) = postSolution
		{4E6A3DFB-250A-41AA-A126-0BCBA4B83F4D}.Debug|Any CPU.ActiveCfg = Debug|Any CPU
		{4E6A3DFB-250A-41AA-A126-0BCBA4B83F4D}.Debug|Any CPU.Build.0 = Debug|Any CPU
		{4E6A3DFB-250A-41AA-A126-0BCBA4B83F4D}.Release|Any CPU.ActiveCfg = Release|Any CPU
		{4E6A3DFB-250A-41AA-A126-0BCBA4B83F4D}.Release|Any CPU.Build.0 = Release|Any CPU
		{8655B212-ABDC-27EC-5DEA-142309B6D82E}.Debug|Any CPU.ActiveCfg = Debug|Any CPU
		{8655B212-ABDC-27EC-5DEA-142309B6D82E}.Debug|Any CPU.Build.0 = Debug|Any CPU
		{8655B212-ABDC-27EC-5DEA-142309B6D82E}.Release|Any CPU.ActiveCfg = Release|Any CPU
		{8655B212-ABDC-27EC-5DEA-142309B6D82E}.Release|Any CPU.Build.0 = Release|Any CPU
		{2A32FA62-A647-B38D-DFE0-73937A88CE98}.Debug|Any CPU.ActiveCfg = Debug|Any CPU
		{2A32FA62-A647-B38D-DFE0-73937A88CE98}.Debug|Any CPU.Build.0 = Debug|Any CPU
		{2A32FA62-A647-B38D-DFE0-73937A88CE98}.Release|Any CPU.ActiveCfg = Release|Any CPU
		{2A32FA62-A647-B38D-DFE0-73937A88CE98}.Release|Any CPU.Build.0 = Release|Any CPU
		{0A96CE01-F12E-B634-796E-556C8E776279}.Debug|Any CPU.ActiveCfg = Debug|Any CPU
		{0A96CE01-F12E-B634-796E-556C8E776279}.Debug|Any CPU.Build.0 = Debug|Any CPU
		{0A96CE01-F12E-B634-796E-556C8E776279}.Release|Any CPU.ActiveCfg = Release|Any CPU
		{0A96CE01-F12E-B634-796E-556C8E776279}.Release|Any CPU.Build.0 = Release|Any CPU
		{DADCEA42-2531-5027-5011-E54CE172786E}.Debug|Any CPU.ActiveCfg = Debug|Any CPU
		{DADCEA42-2531-5027-5011-E54CE172786E}.Debug|Any CPU.Build.0 = Debug|Any CPU
		{DADCEA42-2531-5027-5011-E54CE172786E}.Release|Any CPU.ActiveCfg = Release|Any CPU
		{DADCEA42-2531-5027-5011-E54CE172786E}.Release|Any CPU.Build.0 = Release|Any CPU
		{59D7089C-2476-4932-9FB4-752523A98F83}.Debug|Any CPU.ActiveCfg = Debug|Any CPU
		{59D7089C-2476-4932-9FB4-752523A98F83}.Debug|Any CPU.Build.0 = Debug|Any CPU
		{59D7089C-2476-4932-9FB4-752523A98F83}.Release|Any CPU.ActiveCfg = Release|Any CPU
		{59D7089C-2476-4932-9FB4-752523A98F83}.Release|Any CPU.Build.0 = Release|Any CPU
	EndGlobalSection
	GlobalSection(SolutionProperties) = preSolution
		HideSolutionNode = FALSE
	EndGlobalSection
	GlobalSection(NestedProjects) = preSolution
		{8655B212-ABDC-27EC-5DEA-142309B6D82E} = {D9BAFAF2-D949-4052-977F-5DD9BD0DA6C5}
		{2A32FA62-A647-B38D-DFE0-73937A88CE98} = {D9BAFAF2-D949-4052-977F-5DD9BD0DA6C5}
		{0A96CE01-F12E-B634-796E-556C8E776279} = {D9BAFAF2-D949-4052-977F-5DD9BD0DA6C5}
		{DADCEA42-2531-5027-5011-E54CE172786E} = {02EA681E-C7D8-13C7-8484-4AC65E1B71E8}
		{59D7089C-2476-4932-9FB4-752523A98F83} = {02EA681E-C7D8-13C7-8484-4AC65E1B71E8}
	EndGlobalSection
	GlobalSection(ExtensibilityGlobals) = postSolution
		SolutionGuid = {E1D5BF83-3039-4DF5-9782-59150DB138CE}
	EndGlobalSection
EndGlobal
